
Microsoft Visual Studio Solution File, Format Version 12.00
# Visual Studio Version 16
VisualStudioVersion = 16.0.30002.166
MinimumVisualStudioVersion = 10.0.40219.1
Project("{FAE04EC0-301F-11D3-BF4B-00C04F79EFBC}") = "SampleDotNetCoreApp", "SampleDotNetCoreApp.csproj", "{C478B1F4-484E-4B4C-9F2E-CB2806E86922}"
EndProject
Global
	GlobalSection(SolutionConfigurationPlatforms) = preSolution
		Debug|Any CPU = Debug|Any CPU
		Release|Any CPU = Release|Any CPU
	EndGlobalSection
	GlobalSection(ProjectConfigurationPlatforms) = postSolution
		{C478B1F4-484E-4B4C-9F2E-CB2806E86922}.Debug|Any CPU.ActiveCfg = Debug|Any CPU
		{C478B1F4-484E-4B4C-9F2E-CB2806E86922}.Debug|Any CPU.Build.0 = Debug|Any CPU
		{C478B1F4-484E-4B4C-9F2E-CB2806E86922}.Release|Any CPU.ActiveCfg = Release|Any CPU
		{C478B1F4-484E-4B4C-9F2E-CB2806E86922}.Release|Any CPU.Build.0 = Release|Any CPU
	EndGlobalSection
	GlobalSection(SolutionProperties) = preSolution
		HideSolutionNode = FALSE
	EndGlobalSection
	GlobalSection(ExtensibilityGlobals) = postSolution
		SolutionGuid = {247A57E5-15C6-4093-B1F0-208B9F46D477}
	EndGlobalSection
EndGlobal
